// !$*UTF8*$!
{
	archiveVersion = 1;
	classes = {
	};
	objectVersion = 48;
	objects = {

/* Begin PBXBuildFile section */
		ADFDF1481F165E55005185EB /* AppDelegate.swift in Sources */ = {isa = PBXBuildFile; fileRef = ADFDF1471F165E55005185EB /* AppDelegate.swift */; };
		ADFDF14A1F165E55005185EB /* art.scnassets in Resources */ = {isa = PBXBuildFile; fileRef = ADFDF1491F165E55005185EB /* art.scnassets */; };
		ADFDF14C1F165E55005185EB /* ViewController.swift in Sources */ = {isa = PBXBuildFile; fileRef = ADFDF14B1F165E55005185EB /* ViewController.swift */; };
		ADFDF14F1F165E55005185EB /* Main.storyboard in Resources */ = {isa = PBXBuildFile; fileRef = ADFDF14D1F165E55005185EB /* Main.storyboard */; };
		ADFDF1511F165E55005185EB /* Assets.xcassets in Resources */ = {isa = PBXBuildFile; fileRef = ADFDF1501F165E55005185EB /* Assets.xcassets */; };
		ADFDF1541F165E55005185EB /* LaunchScreen.storyboard in Resources */ = {isa = PBXBuildFile; fileRef = ADFDF1521F165E55005185EB /* LaunchScreen.storyboard */; };
/* End PBXBuildFile section */

/* Begin PBXFileReference section */
		ADFDF1441F165E55005185EB /* Real Dicee.app */ = {isa = PBXFileReference; explicitFileType = wrapper.application; includeInIndex = 0; path = "Real Dicee.app"; sourceTree = BUILT_PRODUCTS_DIR; };
		ADFDF1471F165E55005185EB /* AppDelegate.swift */ = {isa = PBXFileReference; lastKnownFileType = sourcecode.swift; path = AppDelegate.swift; sourceTree = "<group>"; };
		ADFDF1491F165E55005185EB /* art.scnassets */ = {isa = PBXFileReference; lastKnownFileType = wrapper.scnassets; path = art.scnassets; sourceTree = "<group>"; };
		ADFDF14B1F165E55005185EB /* ViewController.swift */ = {isa = PBXFileReference; lastKnownFileType = sourcecode.swift; path = ViewController.swift; sourceTree = "<group>"; };
		ADFDF14E1F165E55005185EB /* Base */ = {isa = PBXFileReference; lastKnownFileType = file.storyboard; name = Base; path = Base.lproj/Main.storyboard; sourceTree = "<group>"; };
		ADFDF1501F165E55005185EB /* Assets.xcassets */ = {isa = PBXFileReference; lastKnownFileType = folder.assetcatalog; path = Assets.xcassets; sourceTree = "<group>"; };
		ADFDF1531F165E55005185EB /* Base */ = {isa = PBXFileReference; lastKnownFileType = file.storyboard; name = Base; path = Base.lproj/LaunchScreen.storyboard; sourceTree = "<group>"; };
		ADFDF1551F165E55005185EB /* Info.plist */ = {isa = PBXFileReference; lastKnownFileType = text.plist.xml; path = Info.plist; sourceTree = "<group>"; };
/* End PBXFileReference section */

/* Begin PBXFrameworksBuildPhase section */
		ADFDF1411F165E55005185EB /* Frameworks */ = {
			isa = PBXFrameworksBuildPhase;
			buildActionMask = 2147483647;
			files = (
			);
			runOnlyForDeploymentPostprocessing = 0;
		};
/* End PBXFrameworksBuildPhase section */

/* Begin PBXGroup section */
		ADFDF13B1F165E55005185EB = {
			isa = PBXGroup;
			children = (
				ADFDF1461F165E55005185EB /* Real Dicee */,
				ADFDF1451F165E55005185EB /* Products */,
			);
			sourceTree = "<group>";
		};
		ADFDF1451F165E55005185EB /* Products */ = {
			isa = PBXGroup;
			children = (
				ADFDF1441F165E55005185EB /* Real Dicee.app */,
			);
			name = Products;
			sourceTree = "<group>";
		};
		ADFDF1461F165E55005185EB /* Real Dicee */ = {
			isa = PBXGroup;
			children = (
				ADFDF1471F165E55005185EB /* AppDelegate.swift */,
				ADFDF14B1F165E55005185EB /* ViewController.swift */,
				ADFDF14D1F165E55005185EB /* Main.storyboard */,
				ADFDF1491F165E55005185EB /* art.scnassets */,
				ADFDF1501F165E55005185EB /* Assets.xcassets */,
				ADFDF1521F165E55005185EB /* LaunchScreen.storyboard */,
				ADFDF1551F165E55005185EB /* Info.plist */,
			);
			path = "Real Dicee";
			sourceTree = "<group>";
		};
/* End PBXGroup section */

/* Begin PBXNativeTarget section */
		ADFDF1431F165E55005185EB /* Real Dicee */ = {
			isa = PBXNativeTarget;
			buildConfigurationList = ADFDF1581F165E55005185EB /* Build configuration list for PBXNativeTarget "Real Dicee" */;
			buildPhases = (
				ADFDF1401F165E55005185EB /* Sources */,
				ADFDF1411F165E55005185EB /* Frameworks */,
				ADFDF1421F165E55005185EB /* Resources */,
			);
			buildRules = (
			);
			dependencies = (
			);
			name = "Real Dicee";
			productName = "Real Dicee";
			productReference = ADFDF1441F165E55005185EB /* Real Dicee.app */;
			productType = "com.apple.product-type.application";
		};
/* End PBXNativeTarget section */

/* Begin PBXProject section */
		ADFDF13C1F165E55005185EB /* Project object */ = {
			isa = PBXProject;
			attributes = {
				LastSwiftUpdateCheck = 0900;
				LastUpgradeCheck = 1000;
				ORGANIZATIONNAME = "Angela Yu";
				TargetAttributes = {
					ADFDF1431F165E55005185EB = {
						CreatedOnToolsVersion = 9.0;
						LastSwiftMigration = 1100;
					};
				};
			};
			buildConfigurationList = ADFDF13F1F165E55005185EB /* Build configuration list for PBXProject "Real Dicee" */;
			compatibilityVersion = "Xcode 8.0";
			developmentRegion = en;
			hasScannedForEncodings = 0;
			knownRegions = (
				en,
				Base,
			);
			mainGroup = ADFDF13B1F165E55005185EB;
			productRefGroup = ADFDF1451F165E55005185EB /* Products */;
			projectDirPath = "";
			projectRoot = "";
			targets = (
				ADFDF1431F165E55005185EB /* Real Dicee */,
			);
		};
/* End PBXProject section */

/* Begin PBXResourcesBuildPhase section */
		ADFDF1421F165E55005185EB /* Resources */ = {
			isa = PBXResourcesBuildPhase;
			buildActionMask = 2147483647;
			files = (
				ADFDF14A1F165E55005185EB /* art.scnassets in Resources */,
				ADFDF1541F165E55005185EB /* LaunchScreen.storyboard in Resources */,
				ADFDF1511F165E55005185EB /* Assets.xcassets in Resources */,
				ADFDF14F1F165E55005185EB /* Main.storyboard in Resources */,
			);
			runOnlyForDeploymentPostprocessing = 0;
		};
/* End PBXResourcesBuildPhase section */

/* Begin PBXSourcesBuildPhase section */
		ADFDF1401F165E55005185EB /* Sources */ = {
			isa = PBXSourcesBuildPhase;
			buildActionMask = 2147483647;
			files = (
				ADFDF14C1F165E55005185EB /* ViewController.swift in Sources */,
				ADFDF1481F165E55005185EB /* AppDelegate.swift in Sources */,
			);
			runOnlyForDeploymentPostprocessing = 0;
		};
/* End PBXSourcesBuildPhase section */

/* Begin PBXVariantGroup section */
		ADFDF14D1F165E55005185EB /* Main.storyboard */ = {
			isa = PBXVariantGroup;
			children = (
				ADFDF14E1F165E55005185EB /* Base */,
			);
			name = Main.storyboard;
			sourceTree = "<group>";
		};
		ADFDF1521F165E55005185EB /* LaunchScreen.storyboard */ = {
			isa = PBXVariantGroup;
			children = (
				ADFDF1531F165E55005185EB /* Base */,
			);
			name = LaunchScreen.storyboard;
			sourceTree = "<group>";
		};
/* End PBXVariantGroup section */

/* Begin XCBuildConfiguration section */
		ADFDF1561F165E55005185EB /* Debug */ = {
			isa = XCBuildConfiguration;
			buildSettings = {
				ALWAYS_SEARCH_USER_PATHS = NO;
				CLANG_ANALYZER_NONNULL = YES;
				CLANG_ANALYZER_NUMBER_OBJECT_CONVERSION = YES_AGGRESSIVE;
				CLANG_CXX_LANGUAGE_STANDARD = "gnu++14";
				CLANG_CXX_LIBRARY = "libc++";
				CLANG_ENABLE_MODULES = YES;
				CLANG_ENABLE_OBJC_ARC = YES;
				CLANG_WARN_BLOCK_CAPTURE_AUTORELEASING = YES;
				CLANG_WARN_BOOL_CONVERSION = YES;
				CLANG_WARN_COMMA = YES;
				CLANG_WARN_CONSTANT_CONVERSION = YES;
				CLANG_WARN_DEPRECATED_OBJC_IMPLEMENTATIONS = YES;
				CLANG_WARN_DIRECT_OBJC_ISA_USAGE = YES_ERROR;
				CLANG_WARN_DOCUMENTATION_COMMENTS = YES;
				CLANG_WARN_EMPTY_BODY = YES;
				CLANG_WARN_ENUM_CONVERSION = YES;
				CLANG_WARN_INFINITE_RECURSION = YES;
				CLANG_WARN_INT_CONVERSION = YES;
				CLANG_WARN_NON_LITERAL_NULL_CONVERSION = YES;
				CLANG_WARN_OBJC_IMPLICIT_RETAIN_SELF = YES;
				CLANG_WARN_OBJC_LITERAL_CONVERSION = YES;
				CLANG_WARN_OBJC_ROOT_CLASS = YES_ERROR;
				CLANG_WARN_RANGE_LOOP_ANALYSIS = YES;
				CLANG_WARN_STRICT_PROTOTYPES = YES;
				CLANG_WARN_SUSPICIOUS_MOVE = YES;
				CLANG_WARN_UNGUARDED_AVAILABILITY = YES_AGGRESSIVE;
				CLANG_WARN_UNREACHABLE_CODE = YES;
				CLANG_WARN__DUPLICATE_METHOD_MATCH = YES;
				CODE_SIGN_IDENTITY = "iPhone Developer";
				COPY_PHASE_STRIP = NO;
				DEBUG_INFORMATION_FORMAT = dwarf;
				ENABLE_STRICT_OBJC_MSGSEND = YES;
				ENABLE_TESTABILITY = YES;
				GCC_C_LANGUAGE_STANDARD = gnu11;
				GCC_DYNAMIC_NO_PIC = NO;
				GCC_NO_COMMON_BLOCKS = YES;
				GCC_OPTIMIZATION_LEVEL = 0;
				GCC_PREPROCESSOR_DEFINITIONS = (
					"DEBUG=1",
					"$(inherited)",
				);
				GCC_WARN_64_TO_32_BIT_CONVERSION = YES;
				GCC_WARN_ABOUT_RETURN_TYPE = YES_ERROR;
				GCC_WARN_UNDECLARED_SELECTOR = YES;
				GCC_WARN_UNINITIALIZED_AUTOS = YES_AGGRESSIVE;
				GCC_WARN_UNUSED_FUNCTION = YES;
				GCC_WARN_UNUSED_VARIABLE = YES;
				IPHONEOS_DEPLOYMENT_TARGET = 11.0;
				MTL_ENABLE_DEBUG_INFO = YES;
				ONLY_ACTIVE_ARCH = YES;
				SDKROOT = iphoneos;
				SWIFT_ACTIVE_COMPILATION_CONDITIONS = DEBUG;
				SWIFT_OPTIMIZATION_LEVEL = "-Onone";
			};
			name = Debug;
		};
		ADFDF1571F165E55005185EB /* Release */ = {
			isa = XCBuildConfiguration;
			buildSettings = {
				ALWAYS_SEARCH_USER_PATHS = NO;
				CLANG_ANALYZER_NONNULL = YES;
				CLANG_ANALYZER_NUMBER_OBJECT_CONVERSION = YES_AGGRESSIVE;
				CLANG_CXX_LANGUAGE_STANDARD = "gnu++14";
				CLANG_CXX_LIBRARY = "libc++";
				CLANG_ENABLE_MODULES = YES;
				CLANG_ENABLE_OBJC_ARC = YES;
				CLANG_WARN_BLOCK_CAPTURE_AUTORELEASING = YES;
				CLANG_WARN_BOOL_CONVERSION = YES;
				CLANG_WARN_COMMA = YES;
				CLANG_WARN_CONSTANT_CONVERSION = YES;
				CLANG_WARN_DEPRECATED_OBJC_IMPLEMENTATIONS = YES;
				CLANG_WARN_DIRECT_OBJC_ISA_USAGE = YES_ERROR;
				CLANG_WARN_DOCUMENTATION_COMMENTS = YES;
				CLANG_WARN_EMPTY_BODY = YES;
				CLANG_WARN_ENUM_CONVERSION = YES;
				CLANG_WARN_INFINITE_RECURSION = YES;
				CLANG_WARN_INT_CONVERSION = YES;
				CLANG_WARN_NON_LITERAL_NULL_CONVERSION = YES;
				CLANG_WARN_OBJC_IMPLICIT_RETAIN_SELF = YES;
				CLANG_WARN_OBJC_LITERAL_CONVERSION = YES;
				CLANG_WARN_OBJC_ROOT_CLASS = YES_ERROR;
				CLANG_WARN_RANGE_LOOP_ANALYSIS = YES;
				CLANG_WARN_STRICT_PROTOTYPES = YES;
				CLANG_WARN_SUSPICIOUS_MOVE = YES;
				CLANG_WARN_UNGUARDED_AVAILABILITY = YES_AGGRESSIVE;
				CLANG_WARN_UNREACHABLE_CODE = YES;
				CLANG_WARN__DUPLICATE_METHOD_MATCH = YES;
				CODE_SIGN_IDENTITY = "iPhone Developer";
				COPY_PHASE_STRIP = NO;
				DEBUG_INFORMATION_FORMAT = "dwarf-with-dsym";
				ENABLE_NS_ASSERTIONS = NO;
				ENABLE_STRICT_OBJC_MSGSEND = YES;
				GCC_C_LANGUAGE_STANDARD = gnu11;
				GCC_NO_COMMON_BLOCKS = YES;
				GCC_WARN_64_TO_32_BIT_CONVERSION = YES;
				GCC_WARN_ABOUT_RETURN_TYPE = YES_ERROR;
				GCC_WARN_UNDECLARED_SELECTOR = YES;
				GCC_WARN_UNINITIALIZED_AUTOS = YES_AGGRESSIVE;
				GCC_WARN_UNUSED_FUNCTION = YES;
				GCC_WARN_UNUSED_VARIABLE = YES;
				IPHONEOS_DEPLOYMENT_TARGET = 11.0;
				MTL_ENABLE_DEBUG_INFO = NO;
				SDKROOT = iphoneos;
				SWIFT_OPTIMIZATION_LEVEL = "-Owholemodule";
				VALIDATE_PRODUCT = YES;
			};
			name = Release;
		};
		ADFDF1591F165E55005185EB /* Debug */ = {
			isa = XCBuildConfiguration;
			buildSettings = {
				ASSETCATALOG_COMPILER_APPICON_NAME = AppIcon;
				DEVELOPMENT_TEAM = T3577A6TEY;
				INFOPLIST_FILE = "Real Dicee/Info.plist";
				LD_RUNPATH_SEARCH_PATHS = "$(inherited) @executable_path/Frameworks";
				PRODUCT_BUNDLE_IDENTIFIER = "com.MilovanTomasevic.Real-Dicee";
				PRODUCT_NAME = "$(TARGET_NAME)";
				SWIFT_VERSION = 5.0;
				TARGETED_DEVICE_FAMILY = "1,2";
			};
			name = Debug;
		};
		ADFDF15A1F165E55005185EB /* Release */ = {
			isa = XCBuildConfiguration;
			buildSettings = {
				ASSETCATALOG_COMPILER_APPICON_NAME = AppIcon;
				DEVELOPMENT_TEAM = T3577A6TEY;
				INFOPLIST_FILE = "Real Dicee/Info.plist";
				LD_RUNPATH_SEARCH_PATHS = "$(inherited) @executable_path/Frameworks";
				PRODUCT_BUNDLE_IDENTIFIER = "com.MilovanTomasevic.Real-Dicee";
				PRODUCT_NAME = "$(TARGET_NAME)";
				SWIFT_VERSION = 5.0;
				TARGETED_DEVICE_FAMILY = "1,2";
			};
			name = Release;
		};
/* End XCBuildConfiguration section */

/* Begin XCConfigurationList section */
		ADFDF13F1F165E55005185EB /* Build configuration list for PBXProject "Real Dicee" */ = {
			isa = XCConfigurationList;
			buildConfigurations = (
				ADFDF1561F165E55005185EB /* Debug */,
				ADFDF1571F165E55005185EB /* Release */,
			);
			defaultConfigurationIsVisible = 0;
			defaultConfigurationName = Release;
		};
		ADFDF1581F165E55005185EB /* Build configuration list for PBXNativeTarget "Real Dicee" */ = {
			isa = XCConfigurationList;
			buildConfigurations = (
				ADFDF1591F165E55005185EB /* Debug */,
				ADFDF15A1F165E55005185EB /* Release */,
			);
			defaultConfigurationIsVisible = 0;
			defaultConfigurationName = Release;
		};
/* End XCConfigurationList section */
	};
	rootObject = ADFDF13C1F165E55005185EB /* Project object */;
}
