// !$*UTF8*$!
{
	archiveVersion = 1;
	classes = {
	};
	objectVersion = 51;
	objects = {

/* Begin PBXBuildFile section */
		C02745E4647B2B031C067637 /* Pods_Todoey.framework in Frameworks */ = {isa = PBXBuildFile; fileRef = 2AEC661488E9D2195C8E5A8A /* Pods_Todoey.framework */; };
		EB461D81238D63D70057DDEA /* AppDelegate.swift in Sources */ = {isa = PBXBuildFile; fileRef = EB461D80238D63D70057DDEA /* AppDelegate.swift */; };
		EB461D85238D63D70057DDEA /* TodoListViewController.swift in Sources */ = {isa = PBXBuildFile; fileRef = EB461D84238D63D70057DDEA /* TodoListViewController.swift */; };
		EB461D88238D63D70057DDEA /* Main.storyboard in Resources */ = {isa = PBXBuildFile; fileRef = EB461D86238D63D70057DDEA /* Main.storyboard */; };
		EB461D8A238D63D80057DDEA /* Assets.xcassets in Resources */ = {isa = PBXBuildFile; fileRef = EB461D89238D63D80057DDEA /* Assets.xcassets */; };
		EB461D8D238D63D80057DDEA /* LaunchScreen.storyboard in Resources */ = {isa = PBXBuildFile; fileRef = EB461D8B238D63D80057DDEA /* LaunchScreen.storyboard */; };
		EB461DC1238FFFB50057DDEA /* CategoryViewController.swift in Sources */ = {isa = PBXBuildFile; fileRef = EB461DC0238FFFB50057DDEA /* CategoryViewController.swift */; };
		EBDD8EE423911D1D00262B65 /* Item.swift in Sources */ = {isa = PBXBuildFile; fileRef = EBDD8EE323911D1D00262B65 /* Item.swift */; };
		EBDD8EE623911D2B00262B65 /* Category.swift in Sources */ = {isa = PBXBuildFile; fileRef = EBDD8EE523911D2B00262B65 /* Category.swift */; };
		EBDD8EE82391471600262B65 /* SwipeTableViewController.swift in Sources */ = {isa = PBXBuildFile; fileRef = EBDD8EE72391471600262B65 /* SwipeTableViewController.swift */; };
/* End PBXBuildFile section */

/* Begin PBXFileReference section */
		2AEC661488E9D2195C8E5A8A /* Pods_Todoey.framework */ = {isa = PBXFileReference; explicitFileType = wrapper.framework; includeInIndex = 0; path = Pods_Todoey.framework; sourceTree = BUILT_PRODUCTS_DIR; };
		4303BC1C37AA3BF0844F528A /* Pods-Todoey.release.xcconfig */ = {isa = PBXFileReference; includeInIndex = 1; lastKnownFileType = text.xcconfig; name = "Pods-Todoey.release.xcconfig"; path = "Target Support Files/Pods-Todoey/Pods-Todoey.release.xcconfig"; sourceTree = "<group>"; };
		7EED3BA7647DE0018087475F /* Pods-Todoey.debug.xcconfig */ = {isa = PBXFileReference; includeInIndex = 1; lastKnownFileType = text.xcconfig; name = "Pods-Todoey.debug.xcconfig"; path = "Target Support Files/Pods-Todoey/Pods-Todoey.debug.xcconfig"; sourceTree = "<group>"; };
		EB461D7D238D63D70057DDEA /* Todoey.app */ = {isa = PBXFileReference; explicitFileType = wrapper.application; includeInIndex = 0; path = Todoey.app; sourceTree = BUILT_PRODUCTS_DIR; };
		EB461D80238D63D70057DDEA /* AppDelegate.swift */ = {isa = PBXFileReference; lastKnownFileType = sourcecode.swift; path = AppDelegate.swift; sourceTree = "<group>"; };
		EB461D84238D63D70057DDEA /* TodoListViewController.swift */ = {isa = PBXFileReference; lastKnownFileType = sourcecode.swift; path = TodoListViewController.swift; sourceTree = "<group>"; };
		EB461D87238D63D70057DDEA /* Base */ = {isa = PBXFileReference; lastKnownFileType = file.storyboard; name = Base; path = Base.lproj/Main.storyboard; sourceTree = "<group>"; };
		EB461D89238D63D80057DDEA /* Assets.xcassets */ = {isa = PBXFileReference; lastKnownFileType = folder.assetcatalog; path = Assets.xcassets; sourceTree = "<group>"; };
		EB461D8C238D63D80057DDEA /* Base */ = {isa = PBXFileReference; lastKnownFileType = file.storyboard; name = Base; path = Base.lproj/LaunchScreen.storyboard; sourceTree = "<group>"; };
		EB461D8E238D63D80057DDEA /* Info.plist */ = {isa = PBXFileReference; lastKnownFileType = text.plist.xml; path = Info.plist; sourceTree = "<group>"; };
		EB461DC0238FFFB50057DDEA /* CategoryViewController.swift */ = {isa = PBXFileReference; lastKnownFileType = sourcecode.swift; path = CategoryViewController.swift; sourceTree = "<group>"; };
		EBDD8EE323911D1D00262B65 /* Item.swift */ = {isa = PBXFileReference; lastKnownFileType = sourcecode.swift; path = Item.swift; sourceTree = "<group>"; };
		EBDD8EE523911D2B00262B65 /* Category.swift */ = {isa = PBXFileReference; lastKnownFileType = sourcecode.swift; path = Category.swift; sourceTree = "<group>"; };
		EBDD8EE72391471600262B65 /* SwipeTableViewController.swift */ = {isa = PBXFileReference; lastKnownFileType = sourcecode.swift; path = SwipeTableViewController.swift; sourceTree = "<group>"; };
/* End PBXFileReference section */

/* Begin PBXFrameworksBuildPhase section */
		EB461D7A238D63D70057DDEA /* Frameworks */ = {
			isa = PBXFrameworksBuildPhase;
			buildActionMask = 2147483647;
			files = (
				C02745E4647B2B031C067637 /* Pods_Todoey.framework in Frameworks */,
			);
			runOnlyForDeploymentPostprocessing = 0;
		};
/* End PBXFrameworksBuildPhase section */

/* Begin PBXGroup section */
		338E29F8B5BA5A42F16EB111 /* Frameworks */ = {
			isa = PBXGroup;
			children = (
				2AEC661488E9D2195C8E5A8A /* Pods_Todoey.framework */,
			);
			name = Frameworks;
			sourceTree = "<group>";
		};
		4E056B7EBB4688128C627EB6 /* Pods */ = {
			isa = PBXGroup;
			children = (
				7EED3BA7647DE0018087475F /* Pods-Todoey.debug.xcconfig */,
				4303BC1C37AA3BF0844F528A /* Pods-Todoey.release.xcconfig */,
			);
			path = Pods;
			sourceTree = "<group>";
		};
		EB461D74238D63D70057DDEA = {
			isa = PBXGroup;
			children = (
				EB461D7F238D63D70057DDEA /* Todoey */,
				EB461D7E238D63D70057DDEA /* Products */,
				4E056B7EBB4688128C627EB6 /* Pods */,
				338E29F8B5BA5A42F16EB111 /* Frameworks */,
			);
			sourceTree = "<group>";
		};
		EB461D7E238D63D70057DDEA /* Products */ = {
			isa = PBXGroup;
			children = (
				EB461D7D238D63D70057DDEA /* Todoey.app */,
			);
			name = Products;
			sourceTree = "<group>";
		};
		EB461D7F238D63D70057DDEA /* Todoey */ = {
			isa = PBXGroup;
			children = (
				EB461D80238D63D70057DDEA /* AppDelegate.swift */,
				EB461D94238EB06D0057DDEA /* Controllers */,
				EB461D98238EB09B0057DDEA /* Data Model */,
				EB461D95238EB0790057DDEA /* Views */,
				EB461D99238EB0BB0057DDEA /* Supporting Files */,
				EB461D8E238D63D80057DDEA /* Info.plist */,
			);
			path = Todoey;
			sourceTree = "<group>";
		};
		EB461D94238EB06D0057DDEA /* Controllers */ = {
			isa = PBXGroup;
			children = (
				EB461DC0238FFFB50057DDEA /* CategoryViewController.swift */,
				EBDD8EE72391471600262B65 /* SwipeTableViewController.swift */,
				EB461D84238D63D70057DDEA /* TodoListViewController.swift */,
			);
			path = Controllers;
			sourceTree = "<group>";
		};
		EB461D95238EB0790057DDEA /* Views */ = {
			isa = PBXGroup;
			children = (
				EB461D86238D63D70057DDEA /* Main.storyboard */,
			);
			path = Views;
			sourceTree = "<group>";
		};
		EB461D98238EB09B0057DDEA /* Data Model */ = {
			isa = PBXGroup;
			children = (
				EBDD8EE523911D2B00262B65 /* Category.swift */,
				EBDD8EE323911D1D00262B65 /* Item.swift */,
			);
			path = "Data Model";
			sourceTree = "<group>";
		};
		EB461D99238EB0BB0057DDEA /* Supporting Files */ = {
			isa = PBXGroup;
			children = (
				EB461D89238D63D80057DDEA /* Assets.xcassets */,
				EB461D8B238D63D80057DDEA /* LaunchScreen.storyboard */,
			);
			path = "Supporting Files";
			sourceTree = "<group>";
		};
/* End PBXGroup section */

/* Begin PBXNativeTarget section */
		EB461D7C238D63D70057DDEA /* Todoey */ = {
			isa = PBXNativeTarget;
			buildConfigurationList = EB461D91238D63D80057DDEA /* Build configuration list for PBXNativeTarget "Todoey" */;
			buildPhases = (
				D25A494DC717504D87A6E453 /* [CP] Check Pods Manifest.lock */,
				EB461D79238D63D70057DDEA /* Sources */,
				EB461D7A238D63D70057DDEA /* Frameworks */,
				EB461D7B238D63D70057DDEA /* Resources */,
				DE0A9BF9C9DC2C1613AC83CE /* [CP] Embed Pods Frameworks */,
			);
			buildRules = (
			);
			dependencies = (
			);
			name = Todoey;
			productName = Todoey;
			productReference = EB461D7D238D63D70057DDEA /* Todoey.app */;
			productType = "com.apple.product-type.application";
		};
/* End PBXNativeTarget section */

/* Begin PBXProject section */
		EB461D75238D63D70057DDEA /* Project object */ = {
			isa = PBXProject;
			attributes = {
				LastSwiftUpdateCheck = 1120;
				LastUpgradeCheck = 1120;
				ORGANIZATIONNAME = "Milovan Tomasevic";
				TargetAttributes = {
					EB461D7C238D63D70057DDEA = {
						CreatedOnToolsVersion = 11.2.1;
					};
				};
			};
			buildConfigurationList = EB461D78238D63D70057DDEA /* Build configuration list for PBXProject "Todoey" */;
			compatibilityVersion = "Xcode 9.3";
			developmentRegion = en;
			hasScannedForEncodings = 0;
			knownRegions = (
				en,
				Base,
			);
			mainGroup = EB461D74238D63D70057DDEA;
			productRefGroup = EB461D7E238D63D70057DDEA /* Products */;
			projectDirPath = "";
			projectRoot = "";
			targets = (
				EB461D7C238D63D70057DDEA /* Todoey */,
			);
		};
/* End PBXProject section */

/* Begin PBXResourcesBuildPhase section */
		EB461D7B238D63D70057DDEA /* Resources */ = {
			isa = PBXResourcesBuildPhase;
			buildActionMask = 2147483647;
			files = (
				EB461D8D238D63D80057DDEA /* LaunchScreen.storyboard in Resources */,
				EB461D8A238D63D80057DDEA /* Assets.xcassets in Resources */,
				EB461D88238D63D70057DDEA /* Main.storyboard in Resources */,
			);
			runOnlyForDeploymentPostprocessing = 0;
		};
/* End PBXResourcesBuildPhase section */

/* Begin PBXShellScriptBuildPhase section */
		D25A494DC717504D87A6E453 /* [CP] Check Pods Manifest.lock */ = {
			isa = PBXShellScriptBuildPhase;
			buildActionMask = 2147483647;
			files = (
			);
			inputFileListPaths = (
			);
			inputPaths = (
				"${PODS_PODFILE_DIR_PATH}/Podfile.lock",
				"${PODS_ROOT}/Manifest.lock",
			);
			name = "[CP] Check Pods Manifest.lock";
			outputFileListPaths = (
			);
			outputPaths = (
				"$(DERIVED_FILE_DIR)/Pods-Todoey-checkManifestLockResult.txt",
			);
			runOnlyForDeploymentPostprocessing = 0;
			shellPath = /bin/sh;
			shellScript = "diff \"${PODS_PODFILE_DIR_PATH}/Podfile.lock\" \"${PODS_ROOT}/Manifest.lock\" > /dev/null\nif [ $? != 0 ] ; then\n    # print error to STDERR\n    echo \"error: The sandbox is not in sync with the Podfile.lock. Run 'pod install' or update your CocoaPods installation.\" >&2\n    exit 1\nfi\n# This output is used by Xcode 'outputs' to avoid re-running this script phase.\necho \"SUCCESS\" > \"${SCRIPT_OUTPUT_FILE_0}\"\n";
			showEnvVarsInLog = 0;
		};
		DE0A9BF9C9DC2C1613AC83CE /* [CP] Embed Pods Frameworks */ = {
			isa = PBXShellScriptBuildPhase;
			buildActionMask = 2147483647;
			files = (
			);
			inputFileListPaths = (
				"${PODS_ROOT}/Target Support Files/Pods-Todoey/Pods-Todoey-frameworks-${CONFIGURATION}-input-files.xcfilelist",
			);
			name = "[CP] Embed Pods Frameworks";
			outputFileListPaths = (
				"${PODS_ROOT}/Target Support Files/Pods-Todoey/Pods-Todoey-frameworks-${CONFIGURATION}-output-files.xcfilelist",
			);
			runOnlyForDeploymentPostprocessing = 0;
			shellPath = /bin/sh;
			shellScript = "\"${PODS_ROOT}/Target Support Files/Pods-Todoey/Pods-Todoey-frameworks.sh\"\n";
			showEnvVarsInLog = 0;
		};
/* End PBXShellScriptBuildPhase section */

/* Begin PBXSourcesBuildPhase section */
		EB461D79238D63D70057DDEA /* Sources */ = {
			isa = PBXSourcesBuildPhase;
			buildActionMask = 2147483647;
			files = (
				EB461DC1238FFFB50057DDEA /* CategoryViewController.swift in Sources */,
				EB461D85238D63D70057DDEA /* TodoListViewController.swift in Sources */,
				EB461D81238D63D70057DDEA /* AppDelegate.swift in Sources */,
				EBDD8EE82391471600262B65 /* SwipeTableViewController.swift in Sources */,
				EBDD8EE423911D1D00262B65 /* Item.swift in Sources */,
				EBDD8EE623911D2B00262B65 /* Category.swift in Sources */,
			);
			runOnlyForDeploymentPostprocessing = 0;
		};
/* End PBXSourcesBuildPhase section */

/* Begin PBXVariantGroup section */
		EB461D86238D63D70057DDEA /* Main.storyboard */ = {
			isa = PBXVariantGroup;
			children = (
				EB461D87238D63D70057DDEA /* Base */,
			);
			name = Main.storyboard;
			sourceTree = "<group>";
		};
		EB461D8B238D63D80057DDEA /* LaunchScreen.storyboard */ = {
			isa = PBXVariantGroup;
			children = (
				EB461D8C238D63D80057DDEA /* Base */,
			);
			name = LaunchScreen.storyboard;
			sourceTree = "<group>";
		};
/* End PBXVariantGroup section */

/* Begin XCBuildConfiguration section */
		EB461D8F238D63D80057DDEA /* Debug */ = {
			isa = XCBuildConfiguration;
			buildSettings = {
				ALWAYS_SEARCH_USER_PATHS = NO;
				CLANG_ANALYZER_NONNULL = YES;
				CLANG_ANALYZER_NUMBER_OBJECT_CONVERSION = YES_AGGRESSIVE;
				CLANG_CXX_LANGUAGE_STANDARD = "gnu++14";
				CLANG_CXX_LIBRARY = "libc++";
				CLANG_ENABLE_MODULES = YES;
				CLANG_ENABLE_OBJC_ARC = YES;
				CLANG_ENABLE_OBJC_WEAK = YES;
				CLANG_WARN_BLOCK_CAPTURE_AUTORELEASING = YES;
				CLANG_WARN_BOOL_CONVERSION = YES;
				CLANG_WARN_COMMA = YES;
				CLANG_WARN_CONSTANT_CONVERSION = YES;
				CLANG_WARN_DEPRECATED_OBJC_IMPLEMENTATIONS = YES;
				CLANG_WARN_DIRECT_OBJC_ISA_USAGE = YES_ERROR;
				CLANG_WARN_DOCUMENTATION_COMMENTS = YES;
				CLANG_WARN_EMPTY_BODY = YES;
				CLANG_WARN_ENUM_CONVERSION = YES;
				CLANG_WARN_INFINITE_RECURSION = YES;
				CLANG_WARN_INT_CONVERSION = YES;
				CLANG_WARN_NON_LITERAL_NULL_CONVERSION = YES;
				CLANG_WARN_OBJC_IMPLICIT_RETAIN_SELF = YES;
				CLANG_WARN_OBJC_LITERAL_CONVERSION = YES;
				CLANG_WARN_OBJC_ROOT_CLASS = YES_ERROR;
				CLANG_WARN_RANGE_LOOP_ANALYSIS = YES;
				CLANG_WARN_STRICT_PROTOTYPES = YES;
				CLANG_WARN_SUSPICIOUS_MOVE = YES;
				CLANG_WARN_UNGUARDED_AVAILABILITY = YES_AGGRESSIVE;
				CLANG_WARN_UNREACHABLE_CODE = YES;
				CLANG_WARN__DUPLICATE_METHOD_MATCH = YES;
				COPY_PHASE_STRIP = NO;
				DEBUG_INFORMATION_FORMAT = dwarf;
				ENABLE_STRICT_OBJC_MSGSEND = YES;
				ENABLE_TESTABILITY = YES;
				GCC_C_LANGUAGE_STANDARD = gnu11;
				GCC_DYNAMIC_NO_PIC = NO;
				GCC_NO_COMMON_BLOCKS = YES;
				GCC_OPTIMIZATION_LEVEL = 0;
				GCC_PREPROCESSOR_DEFINITIONS = (
					"DEBUG=1",
					"$(inherited)",
				);
				GCC_WARN_64_TO_32_BIT_CONVERSION = YES;
				GCC_WARN_ABOUT_RETURN_TYPE = YES_ERROR;
				GCC_WARN_UNDECLARED_SELECTOR = YES;
				GCC_WARN_UNINITIALIZED_AUTOS = YES_AGGRESSIVE;
				GCC_WARN_UNUSED_FUNCTION = YES;
				GCC_WARN_UNUSED_VARIABLE = YES;
				IPHONEOS_DEPLOYMENT_TARGET = 13.2;
				MTL_ENABLE_DEBUG_INFO = INCLUDE_SOURCE;
				MTL_FAST_MATH = YES;
				ONLY_ACTIVE_ARCH = YES;
				SDKROOT = iphoneos;
				SWIFT_ACTIVE_COMPILATION_CONDITIONS = DEBUG;
				SWIFT_OPTIMIZATION_LEVEL = "-Onone";
			};
			name = Debug;
		};
		EB461D90238D63D80057DDEA /* Release */ = {
			isa = XCBuildConfiguration;
			buildSettings = {
				ALWAYS_SEARCH_USER_PATHS = NO;
				CLANG_ANALYZER_NONNULL = YES;
				CLANG_ANALYZER_NUMBER_OBJECT_CONVERSION = YES_AGGRESSIVE;
				CLANG_CXX_LANGUAGE_STANDARD = "gnu++14";
				CLANG_CXX_LIBRARY = "libc++";
				CLANG_ENABLE_MODULES = YES;
				CLANG_ENABLE_OBJC_ARC = YES;
				CLANG_ENABLE_OBJC_WEAK = YES;
				CLANG_WARN_BLOCK_CAPTURE_AUTORELEASING = YES;
				CLANG_WARN_BOOL_CONVERSION = YES;
				CLANG_WARN_COMMA = YES;
				CLANG_WARN_CONSTANT_CONVERSION = YES;
				CLANG_WARN_DEPRECATED_OBJC_IMPLEMENTATIONS = YES;
				CLANG_WARN_DIRECT_OBJC_ISA_USAGE = YES_ERROR;
				CLANG_WARN_DOCUMENTATION_COMMENTS = YES;
				CLANG_WARN_EMPTY_BODY = YES;
				CLANG_WARN_ENUM_CONVERSION = YES;
				CLANG_WARN_INFINITE_RECURSION = YES;
				CLANG_WARN_INT_CONVERSION = YES;
				CLANG_WARN_NON_LITERAL_NULL_CONVERSION = YES;
				CLANG_WARN_OBJC_IMPLICIT_RETAIN_SELF = YES;
				CLANG_WARN_OBJC_LITERAL_CONVERSION = YES;
				CLANG_WARN_OBJC_ROOT_CLASS = YES_ERROR;
				CLANG_WARN_RANGE_LOOP_ANALYSIS = YES;
				CLANG_WARN_STRICT_PROTOTYPES = YES;
				CLANG_WARN_SUSPICIOUS_MOVE = YES;
				CLANG_WARN_UNGUARDED_AVAILABILITY = YES_AGGRESSIVE;
				CLANG_WARN_UNREACHABLE_CODE = YES;
				CLANG_WARN__DUPLICATE_METHOD_MATCH = YES;
				COPY_PHASE_STRIP = NO;
				DEBUG_INFORMATION_FORMAT = "dwarf-with-dsym";
				ENABLE_NS_ASSERTIONS = NO;
				ENABLE_STRICT_OBJC_MSGSEND = YES;
				GCC_C_LANGUAGE_STANDARD = gnu11;
				GCC_NO_COMMON_BLOCKS = YES;
				GCC_WARN_64_TO_32_BIT_CONVERSION = YES;
				GCC_WARN_ABOUT_RETURN_TYPE = YES_ERROR;
				GCC_WARN_UNDECLARED_SELECTOR = YES;
				GCC_WARN_UNINITIALIZED_AUTOS = YES_AGGRESSIVE;
				GCC_WARN_UNUSED_FUNCTION = YES;
				GCC_WARN_UNUSED_VARIABLE = YES;
				IPHONEOS_DEPLOYMENT_TARGET = 13.2;
				MTL_ENABLE_DEBUG_INFO = NO;
				MTL_FAST_MATH = YES;
				SDKROOT = iphoneos;
				SWIFT_COMPILATION_MODE = wholemodule;
				SWIFT_OPTIMIZATION_LEVEL = "-O";
				VALIDATE_PRODUCT = YES;
			};
			name = Release;
		};
		EB461D92238D63D80057DDEA /* Debug */ = {
			isa = XCBuildConfiguration;
			baseConfigurationReference = 7EED3BA7647DE0018087475F /* Pods-Todoey.debug.xcconfig */;
			buildSettings = {
				ASSETCATALOG_COMPILER_APPICON_NAME = AppIcon;
				CODE_SIGN_STYLE = Automatic;
				DEVELOPMENT_TEAM = T3577A6TEY;
				INFOPLIST_FILE = Todoey/Info.plist;
				IPHONEOS_DEPLOYMENT_TARGET = 13.0;
				LD_RUNPATH_SEARCH_PATHS = (
					"$(inherited)",
					"@executable_path/Frameworks",
				);
				PRODUCT_BUNDLE_IDENTIFIER = com.MilovanTomasevic.Todoey;
				PRODUCT_NAME = "$(TARGET_NAME)";
				SWIFT_VERSION = 5.0;
				TARGETED_DEVICE_FAMILY = "1,2";
			};
			name = Debug;
		};
		EB461D93238D63D80057DDEA /* Release */ = {
			isa = XCBuildConfiguration;
			baseConfigurationReference = 4303BC1C37AA3BF0844F528A /* Pods-Todoey.release.xcconfig */;
			buildSettings = {
				ASSETCATALOG_COMPILER_APPICON_NAME = AppIcon;
				CODE_SIGN_STYLE = Automatic;
				DEVELOPMENT_TEAM = T3577A6TEY;
				INFOPLIST_FILE = Todoey/Info.plist;
				IPHONEOS_DEPLOYMENT_TARGET = 13.0;
				LD_RUNPATH_SEARCH_PATHS = (
					"$(inherited)",
					"@executable_path/Frameworks",
				);
				PRODUCT_BUNDLE_IDENTIFIER = com.MilovanTomasevic.Todoey;
				PRODUCT_NAME = "$(TARGET_NAME)";
				SWIFT_VERSION = 5.0;
				TARGETED_DEVICE_FAMILY = "1,2";
			};
			name = Release;
		};
/* End XCBuildConfiguration section */

/* Begin XCConfigurationList section */
		EB461D78238D63D70057DDEA /* Build configuration list for PBXProject "Todoey" */ = {
			isa = XCConfigurationList;
			buildConfigurations = (
				EB461D8F238D63D80057DDEA /* Debug */,
				EB461D90238D63D80057DDEA /* Release */,
			);
			defaultConfigurationIsVisible = 0;
			defaultConfigurationName = Release;
		};
		EB461D91238D63D80057DDEA /* Build configuration list for PBXNativeTarget "Todoey" */ = {
			isa = XCConfigurationList;
			buildConfigurations = (
				EB461D92238D63D80057DDEA /* Debug */,
				EB461D93238D63D80057DDEA /* Release */,
			);
			defaultConfigurationIsVisible = 0;
			defaultConfigurationName = Release;
		};
/* End XCConfigurationList section */
	};
	rootObject = EB461D75238D63D70057DDEA /* Project object */;
}
