// !$*UTF8*$!
{
	archiveVersion = 1;
	classes = {
	};
	objectVersion = 50;
	objects = {

/* Begin PBXBuildFile section */
		6E70809B2565C14800527D04 /* AppDelegate.swift in Sources */ = {isa = PBXBuildFile; fileRef = 6E70809A2565C14800527D04 /* AppDelegate.swift */; };
		6E70809D2565C14800527D04 /* SceneDelegate.swift in Sources */ = {isa = PBXBuildFile; fileRef = 6E70809C2565C14800527D04 /* SceneDelegate.swift */; };
		6E70809F2565C14800527D04 /* ContentView.swift in Sources */ = {isa = PBXBuildFile; fileRef = 6E70809E2565C14800527D04 /* ContentView.swift */; };
		6E7080A12565C14C00527D04 /* Assets.xcassets in Resources */ = {isa = PBXBuildFile; fileRef = 6E7080A02565C14C00527D04 /* Assets.xcassets */; };
		6E7080A42565C14C00527D04 /* Preview Assets.xcassets in Resources */ = {isa = PBXBuildFile; fileRef = 6E7080A32565C14C00527D04 /* Preview Assets.xcassets */; };
		6E7080A72565C14C00527D04 /* LaunchScreen.storyboard in Resources */ = {isa = PBXBuildFile; fileRef = 6E7080A52565C14C00527D04 /* LaunchScreen.storyboard */; };
		6E7080B12565C3B600527D04 /* Pacifico-Regular.ttf in Resources */ = {isa = PBXBuildFile; fileRef = 6E7080B02565C3B600527D04 /* Pacifico-Regular.ttf */; };
		6E7080B82565CBF400527D04 /* InfoView.swift in Sources */ = {isa = PBXBuildFile; fileRef = 6E7080B72565CBF400527D04 /* InfoView.swift */; };
/* End PBXBuildFile section */

/* Begin PBXFileReference section */
		6E7080972565C14800527D04 /* MTcard.app */ = {isa = PBXFileReference; explicitFileType = wrapper.application; includeInIndex = 0; path = MTcard.app; sourceTree = BUILT_PRODUCTS_DIR; };
		6E70809A2565C14800527D04 /* AppDelegate.swift */ = {isa = PBXFileReference; lastKnownFileType = sourcecode.swift; path = AppDelegate.swift; sourceTree = "<group>"; };
		6E70809C2565C14800527D04 /* SceneDelegate.swift */ = {isa = PBXFileReference; lastKnownFileType = sourcecode.swift; path = SceneDelegate.swift; sourceTree = "<group>"; };
		6E70809E2565C14800527D04 /* ContentView.swift */ = {isa = PBXFileReference; lastKnownFileType = sourcecode.swift; path = ContentView.swift; sourceTree = "<group>"; };
		6E7080A02565C14C00527D04 /* Assets.xcassets */ = {isa = PBXFileReference; lastKnownFileType = folder.assetcatalog; path = Assets.xcassets; sourceTree = "<group>"; };
		6E7080A32565C14C00527D04 /* Preview Assets.xcassets */ = {isa = PBXFileReference; lastKnownFileType = folder.assetcatalog; path = "Preview Assets.xcassets"; sourceTree = "<group>"; };
		6E7080A62565C14C00527D04 /* Base */ = {isa = PBXFileReference; lastKnownFileType = file.storyboard; name = Base; path = Base.lproj/LaunchScreen.storyboard; sourceTree = "<group>"; };
		6E7080A82565C14C00527D04 /* Info.plist */ = {isa = PBXFileReference; lastKnownFileType = text.plist.xml; path = Info.plist; sourceTree = "<group>"; };
		6E7080B02565C3B600527D04 /* Pacifico-Regular.ttf */ = {isa = PBXFileReference; lastKnownFileType = file; path = "Pacifico-Regular.ttf"; sourceTree = "<group>"; };
		6E7080B72565CBF400527D04 /* InfoView.swift */ = {isa = PBXFileReference; lastKnownFileType = sourcecode.swift; path = InfoView.swift; sourceTree = "<group>"; };
/* End PBXFileReference section */

/* Begin PBXFrameworksBuildPhase section */
		6E7080942565C14800527D04 /* Frameworks */ = {
			isa = PBXFrameworksBuildPhase;
			buildActionMask = 2147483647;
			files = (
			);
			runOnlyForDeploymentPostprocessing = 0;
		};
/* End PBXFrameworksBuildPhase section */

/* Begin PBXGroup section */
		6E70808E2565C14800527D04 = {
			isa = PBXGroup;
			children = (
				6E7080992565C14800527D04 /* MTcard */,
				6E7080982565C14800527D04 /* Products */,
			);
			sourceTree = "<group>";
		};
		6E7080982565C14800527D04 /* Products */ = {
			isa = PBXGroup;
			children = (
				6E7080972565C14800527D04 /* MTcard.app */,
			);
			name = Products;
			sourceTree = "<group>";
		};
		6E7080992565C14800527D04 /* MTcard */ = {
			isa = PBXGroup;
			children = (
				6E7080AF2565C38700527D04 /* fonts */,
				6E70809A2565C14800527D04 /* AppDelegate.swift */,
				6E70809C2565C14800527D04 /* SceneDelegate.swift */,
				6E70809E2565C14800527D04 /* ContentView.swift */,
				6E7080B72565CBF400527D04 /* InfoView.swift */,
				6E7080A02565C14C00527D04 /* Assets.xcassets */,
				6E7080A52565C14C00527D04 /* LaunchScreen.storyboard */,
				6E7080A82565C14C00527D04 /* Info.plist */,
				6E7080A22565C14C00527D04 /* Preview Content */,
			);
			path = MTcard;
			sourceTree = "<group>";
		};
		6E7080A22565C14C00527D04 /* Preview Content */ = {
			isa = PBXGroup;
			children = (
				6E7080A32565C14C00527D04 /* Preview Assets.xcassets */,
			);
			path = "Preview Content";
			sourceTree = "<group>";
		};
		6E7080AF2565C38700527D04 /* fonts */ = {
			isa = PBXGroup;
			children = (
				6E7080B02565C3B600527D04 /* Pacifico-Regular.ttf */,
			);
			path = fonts;
			sourceTree = "<group>";
		};
/* End PBXGroup section */

/* Begin PBXNativeTarget section */
		6E7080962565C14800527D04 /* MTcard */ = {
			isa = PBXNativeTarget;
			buildConfigurationList = 6E7080AB2565C14C00527D04 /* Build configuration list for PBXNativeTarget "MTcard" */;
			buildPhases = (
				6E7080932565C14800527D04 /* Sources */,
				6E7080942565C14800527D04 /* Frameworks */,
				6E7080952565C14800527D04 /* Resources */,
			);
			buildRules = (
			);
			dependencies = (
			);
			name = MTcard;
			productName = MTcard;
			productReference = 6E7080972565C14800527D04 /* MTcard.app */;
			productType = "com.apple.product-type.application";
		};
/* End PBXNativeTarget section */

/* Begin PBXProject section */
		6E70808F2565C14800527D04 /* Project object */ = {
			isa = PBXProject;
			attributes = {
				LastSwiftUpdateCheck = 1220;
				LastUpgradeCheck = 1220;
				TargetAttributes = {
					6E7080962565C14800527D04 = {
						CreatedOnToolsVersion = 12.2;
					};
				};
			};
			buildConfigurationList = 6E7080922565C14800527D04 /* Build configuration list for PBXProject "MTcard" */;
			compatibilityVersion = "Xcode 9.3";
			developmentRegion = en;
			hasScannedForEncodings = 0;
			knownRegions = (
				en,
				Base,
			);
			mainGroup = 6E70808E2565C14800527D04;
			productRefGroup = 6E7080982565C14800527D04 /* Products */;
			projectDirPath = "";
			projectRoot = "";
			targets = (
				6E7080962565C14800527D04 /* MTcard */,
			);
		};
/* End PBXProject section */

/* Begin PBXResourcesBuildPhase section */
		6E7080952565C14800527D04 /* Resources */ = {
			isa = PBXResourcesBuildPhase;
			buildActionMask = 2147483647;
			files = (
				6E7080A72565C14C00527D04 /* LaunchScreen.storyboard in Resources */,
				6E7080B12565C3B600527D04 /* Pacifico-Regular.ttf in Resources */,
				6E7080A42565C14C00527D04 /* Preview Assets.xcassets in Resources */,
				6E7080A12565C14C00527D04 /* Assets.xcassets in Resources */,
			);
			runOnlyForDeploymentPostprocessing = 0;
		};
/* End PBXResourcesBuildPhase section */

/* Begin PBXSourcesBuildPhase section */
		6E7080932565C14800527D04 /* Sources */ = {
			isa = PBXSourcesBuildPhase;
			buildActionMask = 2147483647;
			files = (
				6E7080B82565CBF400527D04 /* InfoView.swift in Sources */,
				6E70809B2565C14800527D04 /* AppDelegate.swift in Sources */,
				6E70809D2565C14800527D04 /* SceneDelegate.swift in Sources */,
				6E70809F2565C14800527D04 /* ContentView.swift in Sources */,
			);
			runOnlyForDeploymentPostprocessing = 0;
		};
/* End PBXSourcesBuildPhase section */

/* Begin PBXVariantGroup section */
		6E7080A52565C14C00527D04 /* LaunchScreen.storyboard */ = {
			isa = PBXVariantGroup;
			children = (
				6E7080A62565C14C00527D04 /* Base */,
			);
			name = LaunchScreen.storyboard;
			sourceTree = "<group>";
		};
/* End PBXVariantGroup section */

/* Begin XCBuildConfiguration section */
		6E7080A92565C14C00527D04 /* Debug */ = {
			isa = XCBuildConfiguration;
			buildSettings = {
				ALWAYS_SEARCH_USER_PATHS = NO;
				CLANG_ANALYZER_NONNULL = YES;
				CLANG_ANALYZER_NUMBER_OBJECT_CONVERSION = YES_AGGRESSIVE;
				CLANG_CXX_LANGUAGE_STANDARD = "gnu++14";
				CLANG_CXX_LIBRARY = "libc++";
				CLANG_ENABLE_MODULES = YES;
				CLANG_ENABLE_OBJC_ARC = YES;
				CLANG_ENABLE_OBJC_WEAK = YES;
				CLANG_WARN_BLOCK_CAPTURE_AUTORELEASING = YES;
				CLANG_WARN_BOOL_CONVERSION = YES;
				CLANG_WARN_COMMA = YES;
				CLANG_WARN_CONSTANT_CONVERSION = YES;
				CLANG_WARN_DEPRECATED_OBJC_IMPLEMENTATIONS = YES;
				CLANG_WARN_DIRECT_OBJC_ISA_USAGE = YES_ERROR;
				CLANG_WARN_DOCUMENTATION_COMMENTS = YES;
				CLANG_WARN_EMPTY_BODY = YES;
				CLANG_WARN_ENUM_CONVERSION = YES;
				CLANG_WARN_INFINITE_RECURSION = YES;
				CLANG_WARN_INT_CONVERSION = YES;
				CLANG_WARN_NON_LITERAL_NULL_CONVERSION = YES;
				CLANG_WARN_OBJC_IMPLICIT_RETAIN_SELF = YES;
				CLANG_WARN_OBJC_LITERAL_CONVERSION = YES;
				CLANG_WARN_OBJC_ROOT_CLASS = YES_ERROR;
				CLANG_WARN_QUOTED_INCLUDE_IN_FRAMEWORK_HEADER = YES;
				CLANG_WARN_RANGE_LOOP_ANALYSIS = YES;
				CLANG_WARN_STRICT_PROTOTYPES = YES;
				CLANG_WARN_SUSPICIOUS_MOVE = YES;
				CLANG_WARN_UNGUARDED_AVAILABILITY = YES_AGGRESSIVE;
				CLANG_WARN_UNREACHABLE_CODE = YES;
				CLANG_WARN__DUPLICATE_METHOD_MATCH = YES;
				COPY_PHASE_STRIP = NO;
				DEBUG_INFORMATION_FORMAT = dwarf;
				ENABLE_STRICT_OBJC_MSGSEND = YES;
				ENABLE_TESTABILITY = YES;
				GCC_C_LANGUAGE_STANDARD = gnu11;
				GCC_DYNAMIC_NO_PIC = NO;
				GCC_NO_COMMON_BLOCKS = YES;
				GCC_OPTIMIZATION_LEVEL = 0;
				GCC_PREPROCESSOR_DEFINITIONS = (
					"DEBUG=1",
					"$(inherited)",
				);
				GCC_WARN_64_TO_32_BIT_CONVERSION = YES;
				GCC_WARN_ABOUT_RETURN_TYPE = YES_ERROR;
				GCC_WARN_UNDECLARED_SELECTOR = YES;
				GCC_WARN_UNINITIALIZED_AUTOS = YES_AGGRESSIVE;
				GCC_WARN_UNUSED_FUNCTION = YES;
				GCC_WARN_UNUSED_VARIABLE = YES;
				IPHONEOS_DEPLOYMENT_TARGET = 14.2;
				MTL_ENABLE_DEBUG_INFO = INCLUDE_SOURCE;
				MTL_FAST_MATH = YES;
				ONLY_ACTIVE_ARCH = YES;
				SDKROOT = iphoneos;
				SWIFT_ACTIVE_COMPILATION_CONDITIONS = DEBUG;
				SWIFT_OPTIMIZATION_LEVEL = "-Onone";
			};
			name = Debug;
		};
		6E7080AA2565C14C00527D04 /* Release */ = {
			isa = XCBuildConfiguration;
			buildSettings = {
				ALWAYS_SEARCH_USER_PATHS = NO;
				CLANG_ANALYZER_NONNULL = YES;
				CLANG_ANALYZER_NUMBER_OBJECT_CONVERSION = YES_AGGRESSIVE;
				CLANG_CXX_LANGUAGE_STANDARD = "gnu++14";
				CLANG_CXX_LIBRARY = "libc++";
				CLANG_ENABLE_MODULES = YES;
				CLANG_ENABLE_OBJC_ARC = YES;
				CLANG_ENABLE_OBJC_WEAK = YES;
				CLANG_WARN_BLOCK_CAPTURE_AUTORELEASING = YES;
				CLANG_WARN_BOOL_CONVERSION = YES;
				CLANG_WARN_COMMA = YES;
				CLANG_WARN_CONSTANT_CONVERSION = YES;
				CLANG_WARN_DEPRECATED_OBJC_IMPLEMENTATIONS = YES;
				CLANG_WARN_DIRECT_OBJC_ISA_USAGE = YES_ERROR;
				CLANG_WARN_DOCUMENTATION_COMMENTS = YES;
				CLANG_WARN_EMPTY_BODY = YES;
				CLANG_WARN_ENUM_CONVERSION = YES;
				CLANG_WARN_INFINITE_RECURSION = YES;
				CLANG_WARN_INT_CONVERSION = YES;
				CLANG_WARN_NON_LITERAL_NULL_CONVERSION = YES;
				CLANG_WARN_OBJC_IMPLICIT_RETAIN_SELF = YES;
				CLANG_WARN_OBJC_LITERAL_CONVERSION = YES;
				CLANG_WARN_OBJC_ROOT_CLASS = YES_ERROR;
				CLANG_WARN_QUOTED_INCLUDE_IN_FRAMEWORK_HEADER = YES;
				CLANG_WARN_RANGE_LOOP_ANALYSIS = YES;
				CLANG_WARN_STRICT_PROTOTYPES = YES;
				CLANG_WARN_SUSPICIOUS_MOVE = YES;
				CLANG_WARN_UNGUARDED_AVAILABILITY = YES_AGGRESSIVE;
				CLANG_WARN_UNREACHABLE_CODE = YES;
				CLANG_WARN__DUPLICATE_METHOD_MATCH = YES;
				COPY_PHASE_STRIP = NO;
				DEBUG_INFORMATION_FORMAT = "dwarf-with-dsym";
				ENABLE_NS_ASSERTIONS = NO;
				ENABLE_STRICT_OBJC_MSGSEND = YES;
				GCC_C_LANGUAGE_STANDARD = gnu11;
				GCC_NO_COMMON_BLOCKS = YES;
				GCC_WARN_64_TO_32_BIT_CONVERSION = YES;
				GCC_WARN_ABOUT_RETURN_TYPE = YES_ERROR;
				GCC_WARN_UNDECLARED_SELECTOR = YES;
				GCC_WARN_UNINITIALIZED_AUTOS = YES_AGGRESSIVE;
				GCC_WARN_UNUSED_FUNCTION = YES;
				GCC_WARN_UNUSED_VARIABLE = YES;
				IPHONEOS_DEPLOYMENT_TARGET = 14.2;
				MTL_ENABLE_DEBUG_INFO = NO;
				MTL_FAST_MATH = YES;
				SDKROOT = iphoneos;
				SWIFT_COMPILATION_MODE = wholemodule;
				SWIFT_OPTIMIZATION_LEVEL = "-O";
				VALIDATE_PRODUCT = YES;
			};
			name = Release;
		};
		6E7080AC2565C14C00527D04 /* Debug */ = {
			isa = XCBuildConfiguration;
			buildSettings = {
				ASSETCATALOG_COMPILER_APPICON_NAME = AppIcon;
				ASSETCATALOG_COMPILER_GLOBAL_ACCENT_COLOR_NAME = AccentColor;
				CODE_SIGN_STYLE = Automatic;
				DEVELOPMENT_ASSET_PATHS = "\"MTcard/Preview Content\"";
				DEVELOPMENT_TEAM = T3577A6TEY;
				ENABLE_PREVIEWS = YES;
				INFOPLIST_FILE = MTcard/Info.plist;
				LD_RUNPATH_SEARCH_PATHS = (
					"$(inherited)",
					"@executable_path/Frameworks",
				);
				PRODUCT_BUNDLE_IDENTIFIER = com.MilovanTomasevic.MTcard;
				PRODUCT_NAME = "$(TARGET_NAME)";
				SWIFT_VERSION = 5.0;
				TARGETED_DEVICE_FAMILY = "1,2";
			};
			name = Debug;
		};
		6E7080AD2565C14C00527D04 /* Release */ = {
			isa = XCBuildConfiguration;
			buildSettings = {
				ASSETCATALOG_COMPILER_APPICON_NAME = AppIcon;
				ASSETCATALOG_COMPILER_GLOBAL_ACCENT_COLOR_NAME = AccentColor;
				CODE_SIGN_STYLE = Automatic;
				DEVELOPMENT_ASSET_PATHS = "\"MTcard/Preview Content\"";
				DEVELOPMENT_TEAM = T3577A6TEY;
				ENABLE_PREVIEWS = YES;
				INFOPLIST_FILE = MTcard/Info.plist;
				LD_RUNPATH_SEARCH_PATHS = (
					"$(inherited)",
					"@executable_path/Frameworks",
				);
				PRODUCT_BUNDLE_IDENTIFIER = com.MilovanTomasevic.MTcard;
				PRODUCT_NAME = "$(TARGET_NAME)";
				SWIFT_VERSION = 5.0;
				TARGETED_DEVICE_FAMILY = "1,2";
			};
			name = Release;
		};
/* End XCBuildConfiguration section */

/* Begin XCConfigurationList section */
		6E7080922565C14800527D04 /* Build configuration list for PBXProject "MTcard" */ = {
			isa = XCConfigurationList;
			buildConfigurations = (
				6E7080A92565C14C00527D04 /* Debug */,
				6E7080AA2565C14C00527D04 /* Release */,
			);
			defaultConfigurationIsVisible = 0;
			defaultConfigurationName = Release;
		};
		6E7080AB2565C14C00527D04 /* Build configuration list for PBXNativeTarget "MTcard" */ = {
			isa = XCConfigurationList;
			buildConfigurations = (
				6E7080AC2565C14C00527D04 /* Debug */,
				6E7080AD2565C14C00527D04 /* Release */,
			);
			defaultConfigurationIsVisible = 0;
			defaultConfigurationName = Release;
		};
/* End XCConfigurationList section */
	};
	rootObject = 6E70808F2565C14800527D04 /* Project object */;
}
